
Microsoft Visual Studio Solution File, Format Version 12.00
# Visual Studio Version 16
VisualStudioVersion = 16.0.30225.117
MinimumVisualStudioVersion = 10.0.40219.1
Project("{FAE04EC0-301F-11D3-BF4B-00C04F79EFBC}") = "Application", "Application\Application.csproj", "{8FD7B57E-D62B-4179-85D6-BDEF6152681C}"
EndProject
Project("{8BC9CEB8-8B4A-11D0-8D11-00A0C91BC942}") = "batlib", "batlib\batlib.vcxproj", "{EB8DE2C5-8F1C-45A0-94FA-C45028D86CAF}"
EndProject
Global
	GlobalSection(SolutionConfigurationPlatforms) = preSolution
		Debug|Any CPU = Debug|Any CPU
		Debug|x64 = Debug|x64
		Debug|x86 = Debug|x86
		Release|Any CPU = Release|Any CPU
		Release|x64 = Release|x64
		Release|x86 = Release|x86
	EndGlobalSection
	GlobalSection(ProjectConfigurationPlatforms) = postSolution
		{8FD7B57E-D62B-4179-85D6-BDEF6152681C}.Debug|Any CPU.ActiveCfg = Debug|Any CPU
		{8FD7B57E-D62B-4179-85D6-BDEF6152681C}.Debug|Any CPU.Build.0 = Debug|Any CPU
		{8FD7B57E-D62B-4179-85D6-BDEF6152681C}.Debug|x64.ActiveCfg = Debug|Any CPU
		{8FD7B57E-D62B-4179-85D6-BDEF6152681C}.Debug|x64.Build.0 = Debug|Any CPU
		{8FD7B57E-D62B-4179-85D6-BDEF6152681C}.Debug|x86.ActiveCfg = Debug|Any CPU
		{8FD7B57E-D62B-4179-85D6-BDEF6152681C}.Debug|x86.Build.0 = Debug|Any CPU
		{8FD7B57E-D62B-4179-85D6-BDEF6152681C}.Release|Any CPU.ActiveCfg = Release|Any CPU
		{8FD7B57E-D62B-4179-85D6-BDEF6152681C}.Release|Any CPU.Build.0 = Release|Any CPU
		{8FD7B57E-D62B-4179-85D6-BDEF6152681C}.Release|x64.ActiveCfg = Release|Any CPU
		{8FD7B57E-D62B-4179-85D6-BDEF6152681C}.Release|x64.Build.0 = Release|Any CPU
		{8FD7B57E-D62B-4179-85D6-BDEF6152681C}.Release|x86.ActiveCfg = Release|Any CPU
		{8FD7B57E-D62B-4179-85D6-BDEF6152681C}.Release|x86.Build.0 = Release|Any CPU
		{EB8DE2C5-8F1C-45A0-94FA-C45028D86CAF}.Debug|Any CPU.ActiveCfg = Debug|Win32
		{EB8DE2C5-8F1C-45A0-94FA-C45028D86CAF}.Debug|x64.ActiveCfg = Debug|x64
		{EB8DE2C5-8F1C-45A0-94FA-C45028D86CAF}.Debug|x64.Build.0 = Debug|x64
		{EB8DE2C5-8F1C-45A0-94FA-C45028D86CAF}.Debug|x86.ActiveCfg = Debug|Win32
		{EB8DE2C5-8F1C-45A0-94FA-C45028D86CAF}.Debug|x86.Build.0 = Debug|Win32
		{EB8DE2C5-8F1C-45A0-94FA-C45028D86CAF}.Release|Any CPU.ActiveCfg = Release|Win32
		{EB8DE2C5-8F1C-45A0-94FA-C45028D86CAF}.Release|x64.ActiveCfg = Release|x64
		{EB8DE2C5-8F1C-45A0-94FA-C45028D86CAF}.Release|x64.Build.0 = Release|x64
		{EB8DE2C5-8F1C-45A0-94FA-C45028D86CAF}.Release|x86.ActiveCfg = Release|Win32
		{EB8DE2C5-8F1C-45A0-94FA-C45028D86CAF}.Release|x86.Build.0 = Release|Win32
	EndGlobalSection
	GlobalSection(SolutionProperties) = preSolution
		HideSolutionNode = FALSE
	EndGlobalSection
	GlobalSection(ExtensibilityGlobals) = postSolution
		SolutionGuid = {98A1ED92-D9ED-4B88-BAA9-A5042BE06C74}
	EndGlobalSection
EndGlobal
